// !$*UTF8*$!
{
	archiveVersion = 1;
	classes = {
	};
	objectVersion = 56;
	objects = {

/* Begin PBXBuildFile section */
		7F02F0BD29AE1B2500E4B775 /* LocationManager.swift in Sources */ = {isa = PBXBuildFile; fileRef = 7F02F0BC29AE1B2400E4B775 /* LocationManager.swift */; };
		7F02F0BF29AE243F00E4B775 /* Toast.swift in Sources */ = {isa = PBXBuildFile; fileRef = 7F02F0BE29AE243F00E4B775 /* Toast.swift */; };
		7F02F0C129AE4A1E00E4B775 /* String+Extension.swift in Sources */ = {isa = PBXBuildFile; fileRef = 7F02F0C029AE4A1E00E4B775 /* String+Extension.swift */; };
		7F02F0C329AE70F100E4B775 /* FlatTyreViewController.swift in Sources */ = {isa = PBXBuildFile; fileRef = 7F02F0C229AE70F100E4B775 /* FlatTyreViewController.swift */; };
		7F02F0C529AE724500E4B775 /* Services.storyboard in Resources */ = {isa = PBXBuildFile; fileRef = 7F02F0C429AE724500E4B775 /* Services.storyboard */; };
		7F02F0CD29AE79B500E4B775 /* LocationTableViewCell.swift in Sources */ = {isa = PBXBuildFile; fileRef = 7F02F0CB29AE79B500E4B775 /* LocationTableViewCell.swift */; };
		7F02F0CE29AE79B500E4B775 /* LocationTableViewCell.xib in Resources */ = {isa = PBXBuildFile; fileRef = 7F02F0CC29AE79B500E4B775 /* LocationTableViewCell.xib */; };
		7F02F0D229AE7DFA00E4B775 /* ServiceTableViewCell.swift in Sources */ = {isa = PBXBuildFile; fileRef = 7F02F0D029AE7DFA00E4B775 /* ServiceTableViewCell.swift */; };
		7F02F0D329AE7DFA00E4B775 /* ServiceTableViewCell.xib in Resources */ = {isa = PBXBuildFile; fileRef = 7F02F0D129AE7DFA00E4B775 /* ServiceTableViewCell.xib */; };
		7F0DEE3B29AB96B9000BADA7 /* PromotionCollectionViewCell.swift in Sources */ = {isa = PBXBuildFile; fileRef = 7F0DEE3929AB96B9000BADA7 /* PromotionCollectionViewCell.swift */; };
		7F0DEE3C29AB96B9000BADA7 /* PromotionCollectionViewCell.xib in Resources */ = {isa = PBXBuildFile; fileRef = 7F0DEE3A29AB96B9000BADA7 /* PromotionCollectionViewCell.xib */; };
		7F0DEE3E29ABAD35000BADA7 /* UserModel.swift in Sources */ = {isa = PBXBuildFile; fileRef = 7F0DEE3D29ABAD35000BADA7 /* UserModel.swift */; };
		7F1A485029AA802200C432DF /* SideMenuView.xib in Resources */ = {isa = PBXBuildFile; fileRef = 7F1A484E29AA802200C432DF /* SideMenuView.xib */; };
		7F1A485129AA802200C432DF /* SideMenuView.swift in Sources */ = {isa = PBXBuildFile; fileRef = 7F1A484F29AA802200C432DF /* SideMenuView.swift */; };
		7F1A485529AA827D00C432DF /* MenuTableViewCell.swift in Sources */ = {isa = PBXBuildFile; fileRef = 7F1A485329AA827D00C432DF /* MenuTableViewCell.swift */; };
		7F1A485629AA827D00C432DF /* MenuTableViewCell.xib in Resources */ = {isa = PBXBuildFile; fileRef = 7F1A485429AA827D00C432DF /* MenuTableViewCell.xib */; };
		7F1A486129AB448600C432DF /* ImageCollectionViewCell.swift in Sources */ = {isa = PBXBuildFile; fileRef = 7F1A485F29AB448600C432DF /* ImageCollectionViewCell.swift */; };
		7F1A486229AB448600C432DF /* ImageCollectionViewCell.xib in Resources */ = {isa = PBXBuildFile; fileRef = 7F1A486029AB448600C432DF /* ImageCollectionViewCell.xib */; };
		7F1A486629AB513700C432DF /* CategoriesCollectionViewCell.swift in Sources */ = {isa = PBXBuildFile; fileRef = 7F1A486429AB513700C432DF /* CategoriesCollectionViewCell.swift */; };
		7F1A486729AB513700C432DF /* CategoriesCollectionViewCell.xib in Resources */ = {isa = PBXBuildFile; fileRef = 7F1A486529AB513700C432DF /* CategoriesCollectionViewCell.xib */; };
		7F1A486B29AB515300C432DF /* CategoryCollectionViewCell.swift in Sources */ = {isa = PBXBuildFile; fileRef = 7F1A486929AB515300C432DF /* CategoryCollectionViewCell.swift */; };
		7F1A486C29AB515300C432DF /* CategoryCollectionViewCell.xib in Resources */ = {isa = PBXBuildFile; fileRef = 7F1A486A29AB515300C432DF /* CategoryCollectionViewCell.xib */; };
		7F1A486E29AB6D0800C432DF /* NetworkAdaptor.swift in Sources */ = {isa = PBXBuildFile; fileRef = 7F1A486D29AB6D0800C432DF /* NetworkAdaptor.swift */; };
		7F1A487029AB6E2600C432DF /* UrlHandler.swift in Sources */ = {isa = PBXBuildFile; fileRef = 7F1A486F29AB6E2600C432DF /* UrlHandler.swift */; };
		7F1A487329AB6F6300C432DF /* CategoriesModel.swift in Sources */ = {isa = PBXBuildFile; fileRef = 7F1A487229AB6F6300C432DF /* CategoriesModel.swift */; };
		7F1A487529AB708B00C432DF /* AppData.swift in Sources */ = {isa = PBXBuildFile; fileRef = 7F1A487429AB708B00C432DF /* AppData.swift */; };
		7F1A487829AB797600C432DF /* UIColor+Extension.swift in Sources */ = {isa = PBXBuildFile; fileRef = 7F1A487729AB797600C432DF /* UIColor+Extension.swift */; };
		7FB8C40929AB949A005B6B4E /* BaseViewController.swift in Sources */ = {isa = PBXBuildFile; fileRef = 7FB8C40829AB949A005B6B4E /* BaseViewController.swift */; };
		7FD0BE9429A8F77A0049662D /* AppDelegate.swift in Sources */ = {isa = PBXBuildFile; fileRef = 7FD0BE9329A8F77A0049662D /* AppDelegate.swift */; };
		7FD0BE9629A8F77A0049662D /* SceneDelegate.swift in Sources */ = {isa = PBXBuildFile; fileRef = 7FD0BE9529A8F77A0049662D /* SceneDelegate.swift */; };
		7FD0BE9829A8F77A0049662D /* ViewController.swift in Sources */ = {isa = PBXBuildFile; fileRef = 7FD0BE9729A8F77A0049662D /* ViewController.swift */; };
		7FD0BE9B29A8F77A0049662D /* Main.storyboard in Resources */ = {isa = PBXBuildFile; fileRef = 7FD0BE9929A8F77A0049662D /* Main.storyboard */; };
		7FD0BE9D29A8F77B0049662D /* Assets.xcassets in Resources */ = {isa = PBXBuildFile; fileRef = 7FD0BE9C29A8F77B0049662D /* Assets.xcassets */; };
		7FD0BEA029A8F77B0049662D /* LaunchScreen.storyboard in Resources */ = {isa = PBXBuildFile; fileRef = 7FD0BE9E29A8F77B0049662D /* LaunchScreen.storyboard */; };
		7FD0BEA829A8F7950049662D /* SplashViewController.swift in Sources */ = {isa = PBXBuildFile; fileRef = 7FD0BEA729A8F7950049662D /* SplashViewController.swift */; };
		7FD0BEAA29A8FC950049662D /* WelcomeViewController.swift in Sources */ = {isa = PBXBuildFile; fileRef = 7FD0BEA929A8FC950049662D /* WelcomeViewController.swift */; };
		7FD0BEAC29A8FE930049662D /* AAALabel.swift in Sources */ = {isa = PBXBuildFile; fileRef = 7FD0BEAB29A8FE930049662D /* AAALabel.swift */; };
		7FD0BEAE29A904980049662D /* MobileLoginViewController.swift in Sources */ = {isa = PBXBuildFile; fileRef = 7FD0BEAD29A904980049662D /* MobileLoginViewController.swift */; };
		7FD0BEB029A908E20049662D /* AAAButton.swift in Sources */ = {isa = PBXBuildFile; fileRef = 7FD0BEAF29A908E20049662D /* AAAButton.swift */; };
		7FD0BEB229A90ED60049662D /* AAAView.swift in Sources */ = {isa = PBXBuildFile; fileRef = 7FD0BEB129A90ED60049662D /* AAAView.swift */; };
		7FD0BEB429A9105F0049662D /* OTPViewController.swift in Sources */ = {isa = PBXBuildFile; fileRef = 7FD0BEB329A9105F0049662D /* OTPViewController.swift */; };
		7FD0BEB629A922FB0049662D /* OTPStackView.swift in Sources */ = {isa = PBXBuildFile; fileRef = 7FD0BEB529A922FB0049662D /* OTPStackView.swift */; };
		7FD0BEB829A931F50049662D /* TabBarViewController.swift in Sources */ = {isa = PBXBuildFile; fileRef = 7FD0BEB729A931F50049662D /* TabBarViewController.swift */; };
		7FD0BEBA29A9320F0049662D /* TabBar.storyboard in Resources */ = {isa = PBXBuildFile; fileRef = 7FD0BEB929A9320F0049662D /* TabBar.storyboard */; };
		7FD0BEBC29A9E4AD0049662D /* Controllers.swift in Sources */ = {isa = PBXBuildFile; fileRef = 7FD0BEBB29A9E4AD0049662D /* Controllers.swift */; };
		7FD0BEBE29A9E5D60049662D /* HomeTabViewController.swift in Sources */ = {isa = PBXBuildFile; fileRef = 7FD0BEBD29A9E5D60049662D /* HomeTabViewController.swift */; };
		7FD0BEC029A9E96E0049662D /* BookingsTabViewController.swift in Sources */ = {isa = PBXBuildFile; fileRef = 7FD0BEBF29A9E96E0049662D /* BookingsTabViewController.swift */; };
		7FD0BEC229A9E97C0049662D /* WalletTabViewController.swift in Sources */ = {isa = PBXBuildFile; fileRef = 7FD0BEC129A9E97C0049662D /* WalletTabViewController.swift */; };
		7FD0BEC429A9E9880049662D /* ProfileTabViewController.swift in Sources */ = {isa = PBXBuildFile; fileRef = 7FD0BEC329A9E9880049662D /* ProfileTabViewController.swift */; };
		7FD0BECD29AA672A0049662D /* ProfileTableViewCell.swift in Sources */ = {isa = PBXBuildFile; fileRef = 7FD0BECB29AA672A0049662D /* ProfileTableViewCell.swift */; };
		7FD0BECE29AA672A0049662D /* ProfileTableViewCell.xib in Resources */ = {isa = PBXBuildFile; fileRef = 7FD0BECC29AA672A0049662D /* ProfileTableViewCell.xib */; };
		7FD0BED029AA6FA10049662D /* Constants.swift in Sources */ = {isa = PBXBuildFile; fileRef = 7FD0BECF29AA6FA10049662D /* Constants.swift */; };
		ECAF29D3E7222490E3D52D28 /* Pods_AAADuty.framework in Frameworks */ = {isa = PBXBuildFile; fileRef = 3D345A99F1A8F0CD9AECA32D /* Pods_AAADuty.framework */; };
/* End PBXBuildFile section */

/* Begin PBXFileReference section */
		2FFEE8DE53F2788FC92E8386 /* Pods-AAADuty.release.xcconfig */ = {isa = PBXFileReference; includeInIndex = 1; lastKnownFileType = text.xcconfig; name = "Pods-AAADuty.release.xcconfig"; path = "Target Support Files/Pods-AAADuty/Pods-AAADuty.release.xcconfig"; sourceTree = "<group>"; };
		3D345A99F1A8F0CD9AECA32D /* Pods_AAADuty.framework */ = {isa = PBXFileReference; explicitFileType = wrapper.framework; includeInIndex = 0; path = Pods_AAADuty.framework; sourceTree = BUILT_PRODUCTS_DIR; };
		7F02F0BC29AE1B2400E4B775 /* LocationManager.swift */ = {isa = PBXFileReference; lastKnownFileType = sourcecode.swift; path = LocationManager.swift; sourceTree = "<group>"; };
		7F02F0BE29AE243F00E4B775 /* Toast.swift */ = {isa = PBXFileReference; lastKnownFileType = sourcecode.swift; path = Toast.swift; sourceTree = "<group>"; };
		7F02F0C029AE4A1E00E4B775 /* String+Extension.swift */ = {isa = PBXFileReference; lastKnownFileType = sourcecode.swift; path = "String+Extension.swift"; sourceTree = "<group>"; };
		7F02F0C229AE70F100E4B775 /* FlatTyreViewController.swift */ = {isa = PBXFileReference; lastKnownFileType = sourcecode.swift; path = FlatTyreViewController.swift; sourceTree = "<group>"; };
		7F02F0C429AE724500E4B775 /* Services.storyboard */ = {isa = PBXFileReference; lastKnownFileType = file.storyboard; path = Services.storyboard; sourceTree = "<group>"; };
		7F02F0CB29AE79B500E4B775 /* LocationTableViewCell.swift */ = {isa = PBXFileReference; lastKnownFileType = sourcecode.swift; path = LocationTableViewCell.swift; sourceTree = "<group>"; };
		7F02F0CC29AE79B500E4B775 /* LocationTableViewCell.xib */ = {isa = PBXFileReference; lastKnownFileType = file.xib; path = LocationTableViewCell.xib; sourceTree = "<group>"; };
		7F02F0D029AE7DFA00E4B775 /* ServiceTableViewCell.swift */ = {isa = PBXFileReference; lastKnownFileType = sourcecode.swift; path = ServiceTableViewCell.swift; sourceTree = "<group>"; };
		7F02F0D129AE7DFA00E4B775 /* ServiceTableViewCell.xib */ = {isa = PBXFileReference; lastKnownFileType = file.xib; path = ServiceTableViewCell.xib; sourceTree = "<group>"; };
		7F0DEE3929AB96B9000BADA7 /* PromotionCollectionViewCell.swift */ = {isa = PBXFileReference; fileEncoding = 4; lastKnownFileType = sourcecode.swift; path = PromotionCollectionViewCell.swift; sourceTree = "<group>"; };
		7F0DEE3A29AB96B9000BADA7 /* PromotionCollectionViewCell.xib */ = {isa = PBXFileReference; fileEncoding = 4; lastKnownFileType = file.xib; path = PromotionCollectionViewCell.xib; sourceTree = "<group>"; };
		7F0DEE3D29ABAD35000BADA7 /* UserModel.swift */ = {isa = PBXFileReference; lastKnownFileType = sourcecode.swift; path = UserModel.swift; sourceTree = "<group>"; };
		7F1A484E29AA802200C432DF /* SideMenuView.xib */ = {isa = PBXFileReference; fileEncoding = 4; lastKnownFileType = file.xib; path = SideMenuView.xib; sourceTree = "<group>"; };
		7F1A484F29AA802200C432DF /* SideMenuView.swift */ = {isa = PBXFileReference; fileEncoding = 4; lastKnownFileType = sourcecode.swift; path = SideMenuView.swift; sourceTree = "<group>"; };
		7F1A485329AA827D00C432DF /* MenuTableViewCell.swift */ = {isa = PBXFileReference; lastKnownFileType = sourcecode.swift; path = MenuTableViewCell.swift; sourceTree = "<group>"; };
		7F1A485429AA827D00C432DF /* MenuTableViewCell.xib */ = {isa = PBXFileReference; lastKnownFileType = file.xib; path = MenuTableViewCell.xib; sourceTree = "<group>"; };
		7F1A485F29AB448600C432DF /* ImageCollectionViewCell.swift */ = {isa = PBXFileReference; lastKnownFileType = sourcecode.swift; path = ImageCollectionViewCell.swift; sourceTree = "<group>"; };
		7F1A486029AB448600C432DF /* ImageCollectionViewCell.xib */ = {isa = PBXFileReference; lastKnownFileType = file.xib; path = ImageCollectionViewCell.xib; sourceTree = "<group>"; };
		7F1A486429AB513700C432DF /* CategoriesCollectionViewCell.swift */ = {isa = PBXFileReference; lastKnownFileType = sourcecode.swift; path = CategoriesCollectionViewCell.swift; sourceTree = "<group>"; };
		7F1A486529AB513700C432DF /* CategoriesCollectionViewCell.xib */ = {isa = PBXFileReference; lastKnownFileType = file.xib; path = CategoriesCollectionViewCell.xib; sourceTree = "<group>"; };
		7F1A486929AB515300C432DF /* CategoryCollectionViewCell.swift */ = {isa = PBXFileReference; lastKnownFileType = sourcecode.swift; path = CategoryCollectionViewCell.swift; sourceTree = "<group>"; };
		7F1A486A29AB515300C432DF /* CategoryCollectionViewCell.xib */ = {isa = PBXFileReference; lastKnownFileType = file.xib; path = CategoryCollectionViewCell.xib; sourceTree = "<group>"; };
		7F1A486D29AB6D0800C432DF /* NetworkAdaptor.swift */ = {isa = PBXFileReference; fileEncoding = 4; lastKnownFileType = sourcecode.swift; path = NetworkAdaptor.swift; sourceTree = "<group>"; };
		7F1A486F29AB6E2600C432DF /* UrlHandler.swift */ = {isa = PBXFileReference; fileEncoding = 4; lastKnownFileType = sourcecode.swift; path = UrlHandler.swift; sourceTree = "<group>"; };
		7F1A487229AB6F6300C432DF /* CategoriesModel.swift */ = {isa = PBXFileReference; lastKnownFileType = sourcecode.swift; path = CategoriesModel.swift; sourceTree = "<group>"; };
		7F1A487429AB708B00C432DF /* AppData.swift */ = {isa = PBXFileReference; lastKnownFileType = sourcecode.swift; path = AppData.swift; sourceTree = "<group>"; };
		7F1A487729AB797600C432DF /* UIColor+Extension.swift */ = {isa = PBXFileReference; lastKnownFileType = sourcecode.swift; path = "UIColor+Extension.swift"; sourceTree = "<group>"; };
		7FB8C40829AB949A005B6B4E /* BaseViewController.swift */ = {isa = PBXFileReference; lastKnownFileType = sourcecode.swift; path = BaseViewController.swift; sourceTree = "<group>"; };
		7FD0BE9029A8F77A0049662D /* AAADuty.app */ = {isa = PBXFileReference; explicitFileType = wrapper.application; includeInIndex = 0; path = AAADuty.app; sourceTree = BUILT_PRODUCTS_DIR; };
		7FD0BE9329A8F77A0049662D /* AppDelegate.swift */ = {isa = PBXFileReference; lastKnownFileType = sourcecode.swift; path = AppDelegate.swift; sourceTree = "<group>"; };
		7FD0BE9529A8F77A0049662D /* SceneDelegate.swift */ = {isa = PBXFileReference; lastKnownFileType = sourcecode.swift; path = SceneDelegate.swift; sourceTree = "<group>"; };
		7FD0BE9729A8F77A0049662D /* ViewController.swift */ = {isa = PBXFileReference; lastKnownFileType = sourcecode.swift; path = ViewController.swift; sourceTree = "<group>"; };
		7FD0BE9A29A8F77A0049662D /* Base */ = {isa = PBXFileReference; lastKnownFileType = file.storyboard; name = Base; path = Base.lproj/Main.storyboard; sourceTree = "<group>"; };
		7FD0BE9C29A8F77B0049662D /* Assets.xcassets */ = {isa = PBXFileReference; lastKnownFileType = folder.assetcatalog; path = Assets.xcassets; sourceTree = "<group>"; };
		7FD0BE9F29A8F77B0049662D /* Base */ = {isa = PBXFileReference; lastKnownFileType = file.storyboard; name = Base; path = Base.lproj/LaunchScreen.storyboard; sourceTree = "<group>"; };
		7FD0BEA129A8F77B0049662D /* Info.plist */ = {isa = PBXFileReference; lastKnownFileType = text.plist.xml; path = Info.plist; sourceTree = "<group>"; };
		7FD0BEA729A8F7950049662D /* SplashViewController.swift */ = {isa = PBXFileReference; lastKnownFileType = sourcecode.swift; path = SplashViewController.swift; sourceTree = "<group>"; };
		7FD0BEA929A8FC950049662D /* WelcomeViewController.swift */ = {isa = PBXFileReference; lastKnownFileType = sourcecode.swift; path = WelcomeViewController.swift; sourceTree = "<group>"; };
		7FD0BEAB29A8FE930049662D /* AAALabel.swift */ = {isa = PBXFileReference; lastKnownFileType = sourcecode.swift; path = AAALabel.swift; sourceTree = "<group>"; };
		7FD0BEAD29A904980049662D /* MobileLoginViewController.swift */ = {isa = PBXFileReference; lastKnownFileType = sourcecode.swift; path = MobileLoginViewController.swift; sourceTree = "<group>"; };
		7FD0BEAF29A908E20049662D /* AAAButton.swift */ = {isa = PBXFileReference; lastKnownFileType = sourcecode.swift; path = AAAButton.swift; sourceTree = "<group>"; };
		7FD0BEB129A90ED60049662D /* AAAView.swift */ = {isa = PBXFileReference; lastKnownFileType = sourcecode.swift; path = AAAView.swift; sourceTree = "<group>"; };
		7FD0BEB329A9105F0049662D /* OTPViewController.swift */ = {isa = PBXFileReference; lastKnownFileType = sourcecode.swift; path = OTPViewController.swift; sourceTree = "<group>"; };
		7FD0BEB529A922FB0049662D /* OTPStackView.swift */ = {isa = PBXFileReference; lastKnownFileType = sourcecode.swift; path = OTPStackView.swift; sourceTree = "<group>"; };
		7FD0BEB729A931F50049662D /* TabBarViewController.swift */ = {isa = PBXFileReference; lastKnownFileType = sourcecode.swift; path = TabBarViewController.swift; sourceTree = "<group>"; };
		7FD0BEB929A9320F0049662D /* TabBar.storyboard */ = {isa = PBXFileReference; lastKnownFileType = file.storyboard; path = TabBar.storyboard; sourceTree = "<group>"; };
		7FD0BEBB29A9E4AD0049662D /* Controllers.swift */ = {isa = PBXFileReference; lastKnownFileType = sourcecode.swift; path = Controllers.swift; sourceTree = "<group>"; };
		7FD0BEBD29A9E5D60049662D /* HomeTabViewController.swift */ = {isa = PBXFileReference; lastKnownFileType = sourcecode.swift; path = HomeTabViewController.swift; sourceTree = "<group>"; };
		7FD0BEBF29A9E96E0049662D /* BookingsTabViewController.swift */ = {isa = PBXFileReference; lastKnownFileType = sourcecode.swift; path = BookingsTabViewController.swift; sourceTree = "<group>"; };
		7FD0BEC129A9E97C0049662D /* WalletTabViewController.swift */ = {isa = PBXFileReference; lastKnownFileType = sourcecode.swift; path = WalletTabViewController.swift; sourceTree = "<group>"; };
		7FD0BEC329A9E9880049662D /* ProfileTabViewController.swift */ = {isa = PBXFileReference; lastKnownFileType = sourcecode.swift; path = ProfileTabViewController.swift; sourceTree = "<group>"; };
		7FD0BECB29AA672A0049662D /* ProfileTableViewCell.swift */ = {isa = PBXFileReference; lastKnownFileType = sourcecode.swift; path = ProfileTableViewCell.swift; sourceTree = "<group>"; };
		7FD0BECC29AA672A0049662D /* ProfileTableViewCell.xib */ = {isa = PBXFileReference; lastKnownFileType = file.xib; path = ProfileTableViewCell.xib; sourceTree = "<group>"; };
		7FD0BECF29AA6FA10049662D /* Constants.swift */ = {isa = PBXFileReference; lastKnownFileType = sourcecode.swift; path = Constants.swift; sourceTree = "<group>"; };
		EACC6E468B20FE4A7D5C4931 /* Pods-AAADuty.debug.xcconfig */ = {isa = PBXFileReference; includeInIndex = 1; lastKnownFileType = text.xcconfig; name = "Pods-AAADuty.debug.xcconfig"; path = "Target Support Files/Pods-AAADuty/Pods-AAADuty.debug.xcconfig"; sourceTree = "<group>"; };
/* End PBXFileReference section */

/* Begin PBXFrameworksBuildPhase section */
		7FD0BE8D29A8F77A0049662D /* Frameworks */ = {
			isa = PBXFrameworksBuildPhase;
			buildActionMask = 2147483647;
			files = (
				ECAF29D3E7222490E3D52D28 /* Pods_AAADuty.framework in Frameworks */,
			);
			runOnlyForDeploymentPostprocessing = 0;
		};
/* End PBXFrameworksBuildPhase section */

/* Begin PBXGroup section */
		539DE6811A684976D1669BE4 /* Pods */ = {
			isa = PBXGroup;
			children = (
				EACC6E468B20FE4A7D5C4931 /* Pods-AAADuty.debug.xcconfig */,
				2FFEE8DE53F2788FC92E8386 /* Pods-AAADuty.release.xcconfig */,
			);
			path = Pods;
			sourceTree = "<group>";
		};
		7F02F0B929ADCB7B00E4B775 /* Fonts */ = {
			isa = PBXGroup;
			children = (
			);
			path = Fonts;
			sourceTree = "<group>";
		};
		7F02F0C629AE776300E4B775 /* LocationCell */ = {
			isa = PBXGroup;
			children = (
				7F02F0CB29AE79B500E4B775 /* LocationTableViewCell.swift */,
				7F02F0CC29AE79B500E4B775 /* LocationTableViewCell.xib */,
			);
			path = LocationCell;
			sourceTree = "<group>";
		};
		7F02F0CF29AE7DE900E4B775 /* ServiceCell */ = {
			isa = PBXGroup;
			children = (
				7F02F0D029AE7DFA00E4B775 /* ServiceTableViewCell.swift */,
				7F02F0D129AE7DFA00E4B775 /* ServiceTableViewCell.xib */,
			);
			path = ServiceCell;
			sourceTree = "<group>";
		};
		7F1A485229AA826C00C432DF /* MenuCell */ = {
			isa = PBXGroup;
			children = (
				7F1A485329AA827D00C432DF /* MenuTableViewCell.swift */,
				7F1A485429AA827D00C432DF /* MenuTableViewCell.xib */,
			);
			path = MenuCell;
			sourceTree = "<group>";
		};
		7F1A485729AB3F1800C432DF /* HomeTab */ = {
			isa = PBXGroup;
			children = (
				7FD0BEBD29A9E5D60049662D /* HomeTabViewController.swift */,
				7FB8C40C29AB9579005B6B4E /* PromotionCarousal */,
				7F1A486829AB514300C432DF /* CategoryCell */,
				7F1A485E29AB447600C432DF /* ImageCell */,
				7F1A485D29AB40A700C432DF /* CategoriesCollection */,
			);
			path = HomeTab;
			sourceTree = "<group>";
		};
		7F1A485D29AB40A700C432DF /* CategoriesCollection */ = {
			isa = PBXGroup;
			children = (
				7F1A486429AB513700C432DF /* CategoriesCollectionViewCell.swift */,
				7F1A486529AB513700C432DF /* CategoriesCollectionViewCell.xib */,
			);
			path = CategoriesCollection;
			sourceTree = "<group>";
		};
		7F1A485E29AB447600C432DF /* ImageCell */ = {
			isa = PBXGroup;
			children = (
				7F1A485F29AB448600C432DF /* ImageCollectionViewCell.swift */,
				7F1A486029AB448600C432DF /* ImageCollectionViewCell.xib */,
			);
			path = ImageCell;
			sourceTree = "<group>";
		};
		7F1A486829AB514300C432DF /* CategoryCell */ = {
			isa = PBXGroup;
			children = (
				7F1A486929AB515300C432DF /* CategoryCollectionViewCell.swift */,
				7F1A486A29AB515300C432DF /* CategoryCollectionViewCell.xib */,
			);
			path = CategoryCell;
			sourceTree = "<group>";
		};
		7F1A487129AB6F3800C432DF /* Models */ = {
			isa = PBXGroup;
			children = (
				7F1A487229AB6F6300C432DF /* CategoriesModel.swift */,
				7F0DEE3D29ABAD35000BADA7 /* UserModel.swift */,
			);
			path = Models;
			sourceTree = "<group>";
		};
		7F1A487629AB796700C432DF /* Extensions */ = {
			isa = PBXGroup;
			children = (
				7F1A487729AB797600C432DF /* UIColor+Extension.swift */,
				7F02F0C029AE4A1E00E4B775 /* String+Extension.swift */,
			);
			path = Extensions;
			sourceTree = "<group>";
		};
		7FB8C40729AB9449005B6B4E /* ViewControllers */ = {
			isa = PBXGroup;
			children = (
				7FD0BEA729A8F7950049662D /* SplashViewController.swift */,
				7FD0BEA929A8FC950049662D /* WelcomeViewController.swift */,
				7FD0BEAD29A904980049662D /* MobileLoginViewController.swift */,
				7FD0BEB329A9105F0049662D /* OTPViewController.swift */,
				7FD0BEB729A931F50049662D /* TabBarViewController.swift */,
				7FD0BEBF29A9E96E0049662D /* BookingsTabViewController.swift */,
				7FD0BEC129A9E97C0049662D /* WalletTabViewController.swift */,
				7FD0BEC329A9E9880049662D /* ProfileTabViewController.swift */,
				7F02F0C229AE70F100E4B775 /* FlatTyreViewController.swift */,
				7F02F0CF29AE7DE900E4B775 /* ServiceCell */,
				7F02F0C629AE776300E4B775 /* LocationCell */,
				7F1A485729AB3F1800C432DF /* HomeTab */,
				7FB8C40829AB949A005B6B4E /* BaseViewController.swift */,
			);
			path = ViewControllers;
			sourceTree = "<group>";
		};
		7FB8C40C29AB9579005B6B4E /* PromotionCarousal */ = {
			isa = PBXGroup;
			children = (
				7F0DEE3929AB96B9000BADA7 /* PromotionCollectionViewCell.swift */,
				7F0DEE3A29AB96B9000BADA7 /* PromotionCollectionViewCell.xib */,
			);
			path = PromotionCarousal;
			sourceTree = "<group>";
		};
		7FD0BE8729A8F77A0049662D = {
			isa = PBXGroup;
			children = (
				7FD0BE9229A8F77A0049662D /* AAADuty */,
				7FD0BE9129A8F77A0049662D /* Products */,
				539DE6811A684976D1669BE4 /* Pods */,
				E96DB312EB579D5758F47087 /* Frameworks */,
			);
			sourceTree = "<group>";
		};
		7FD0BE9129A8F77A0049662D /* Products */ = {
			isa = PBXGroup;
			children = (
				7FD0BE9029A8F77A0049662D /* AAADuty.app */,
			);
			name = Products;
			sourceTree = "<group>";
		};
		7FD0BE9229A8F77A0049662D /* AAADuty */ = {
			isa = PBXGroup;
			children = (
				7FD0BE9329A8F77A0049662D /* AppDelegate.swift */,
				7FD0BE9529A8F77A0049662D /* SceneDelegate.swift */,
				7FD0BE9729A8F77A0049662D /* ViewController.swift */,
				7F1A487429AB708B00C432DF /* AppData.swift */,
				7F02F0BC29AE1B2400E4B775 /* LocationManager.swift */,
				7FB8C40729AB9449005B6B4E /* ViewControllers */,
				7F1A487629AB796700C432DF /* Extensions */,
				7F1A487129AB6F3800C432DF /* Models */,
				7F1A486D29AB6D0800C432DF /* NetworkAdaptor.swift */,
				7F1A486F29AB6E2600C432DF /* UrlHandler.swift */,
				7FD0BEB529A922FB0049662D /* OTPStackView.swift */,
				7FD0BECF29AA6FA10049662D /* Constants.swift */,
				7F02F0BE29AE243F00E4B775 /* Toast.swift */,
				7FD0BEC529AA3F100049662D /* SideMenu */,
				7FD0BEBB29A9E4AD0049662D /* Controllers.swift */,
				7F02F0B929ADCB7B00E4B775 /* Fonts */,
				7FD0BEAB29A8FE930049662D /* AAALabel.swift */,
				7FD0BEAF29A908E20049662D /* AAAButton.swift */,
				7FD0BEB129A90ED60049662D /* AAAView.swift */,
				7FD0BE9929A8F77A0049662D /* Main.storyboard */,
				7FD0BEB929A9320F0049662D /* TabBar.storyboard */,
				7F02F0C429AE724500E4B775 /* Services.storyboard */,
				7FD0BE9C29A8F77B0049662D /* Assets.xcassets */,
				7FD0BE9E29A8F77B0049662D /* LaunchScreen.storyboard */,
				7FD0BEA129A8F77B0049662D /* Info.plist */,
			);
			path = AAADuty;
			sourceTree = "<group>";
		};
		7FD0BEC529AA3F100049662D /* SideMenu */ = {
			isa = PBXGroup;
			children = (
				7F1A485229AA826C00C432DF /* MenuCell */,
				7FD0BED129AA7F9C0049662D /* SideMenuView */,
				7FD0BECA29AA66F40049662D /* ProfileCell */,
			);
			path = SideMenu;
			sourceTree = "<group>";
		};
		7FD0BECA29AA66F40049662D /* ProfileCell */ = {
			isa = PBXGroup;
			children = (
				7FD0BECB29AA672A0049662D /* ProfileTableViewCell.swift */,
				7FD0BECC29AA672A0049662D /* ProfileTableViewCell.xib */,
			);
			path = ProfileCell;
			sourceTree = "<group>";
		};
		7FD0BED129AA7F9C0049662D /* SideMenuView */ = {
			isa = PBXGroup;
			children = (
				7F1A484F29AA802200C432DF /* SideMenuView.swift */,
				7F1A484E29AA802200C432DF /* SideMenuView.xib */,
			);
			path = SideMenuView;
			sourceTree = "<group>";
		};
		E96DB312EB579D5758F47087 /* Frameworks */ = {
			isa = PBXGroup;
			children = (
				3D345A99F1A8F0CD9AECA32D /* Pods_AAADuty.framework */,
			);
			name = Frameworks;
			sourceTree = "<group>";
		};
/* End PBXGroup section */

/* Begin PBXNativeTarget section */
		7FD0BE8F29A8F77A0049662D /* AAADuty */ = {
			isa = PBXNativeTarget;
			buildConfigurationList = 7FD0BEA429A8F77B0049662D /* Build configuration list for PBXNativeTarget "AAADuty" */;
			buildPhases = (
				06DBC17444A4581B5380A4AB /* [CP] Check Pods Manifest.lock */,
				7FD0BE8C29A8F77A0049662D /* Sources */,
				7FD0BE8D29A8F77A0049662D /* Frameworks */,
				7FD0BE8E29A8F77A0049662D /* Resources */,
				1BB6A3A44B89A5A0275C29BD /* [CP] Embed Pods Frameworks */,
			);
			buildRules = (
			);
			dependencies = (
			);
			name = AAADuty;
			productName = AAADuty;
			productReference = 7FD0BE9029A8F77A0049662D /* AAADuty.app */;
			productType = "com.apple.product-type.application";
		};
/* End PBXNativeTarget section */

/* Begin PBXProject section */
		7FD0BE8829A8F77A0049662D /* Project object */ = {
			isa = PBXProject;
			attributes = {
				BuildIndependentTargetsInParallel = 1;
				LastSwiftUpdateCheck = 1420;
				LastUpgradeCheck = 1420;
				TargetAttributes = {
					7FD0BE8F29A8F77A0049662D = {
						CreatedOnToolsVersion = 14.2;
					};
				};
			};
			buildConfigurationList = 7FD0BE8B29A8F77A0049662D /* Build configuration list for PBXProject "AAADuty" */;
			compatibilityVersion = "Xcode 14.0";
			developmentRegion = en;
			hasScannedForEncodings = 0;
			knownRegions = (
				en,
				Base,
			);
			mainGroup = 7FD0BE8729A8F77A0049662D;
			productRefGroup = 7FD0BE9129A8F77A0049662D /* Products */;
			projectDirPath = "";
			projectRoot = "";
			targets = (
				7FD0BE8F29A8F77A0049662D /* AAADuty */,
			);
		};
/* End PBXProject section */

/* Begin PBXResourcesBuildPhase section */
		7FD0BE8E29A8F77A0049662D /* Resources */ = {
			isa = PBXResourcesBuildPhase;
			buildActionMask = 2147483647;
			files = (
				7FD0BEBA29A9320F0049662D /* TabBar.storyboard in Resources */,
				7F1A485629AA827D00C432DF /* MenuTableViewCell.xib in Resources */,
				7F02F0CE29AE79B500E4B775 /* LocationTableViewCell.xib in Resources */,
				7F1A485029AA802200C432DF /* SideMenuView.xib in Resources */,
				7FD0BEA029A8F77B0049662D /* LaunchScreen.storyboard in Resources */,
				7FD0BE9D29A8F77B0049662D /* Assets.xcassets in Resources */,
				7FD0BE9B29A8F77A0049662D /* Main.storyboard in Resources */,
				7F1A486729AB513700C432DF /* CategoriesCollectionViewCell.xib in Resources */,
				7F0DEE3C29AB96B9000BADA7 /* PromotionCollectionViewCell.xib in Resources */,
				7F1A486229AB448600C432DF /* ImageCollectionViewCell.xib in Resources */,
				7F1A486C29AB515300C432DF /* CategoryCollectionViewCell.xib in Resources */,
				7F02F0C529AE724500E4B775 /* Services.storyboard in Resources */,
				7FD0BECE29AA672A0049662D /* ProfileTableViewCell.xib in Resources */,
				7F02F0D329AE7DFA00E4B775 /* ServiceTableViewCell.xib in Resources */,
			);
			runOnlyForDeploymentPostprocessing = 0;
		};
/* End PBXResourcesBuildPhase section */

/* Begin PBXShellScriptBuildPhase section */
		06DBC17444A4581B5380A4AB /* [CP] Check Pods Manifest.lock */ = {
			isa = PBXShellScriptBuildPhase;
			buildActionMask = 2147483647;
			files = (
			);
			inputFileListPaths = (
			);
			inputPaths = (
				"${PODS_PODFILE_DIR_PATH}/Podfile.lock",
				"${PODS_ROOT}/Manifest.lock",
			);
			name = "[CP] Check Pods Manifest.lock";
			outputFileListPaths = (
			);
			outputPaths = (
				"$(DERIVED_FILE_DIR)/Pods-AAADuty-checkManifestLockResult.txt",
			);
			runOnlyForDeploymentPostprocessing = 0;
			shellPath = /bin/sh;
			shellScript = "diff \"${PODS_PODFILE_DIR_PATH}/Podfile.lock\" \"${PODS_ROOT}/Manifest.lock\" > /dev/null\nif [ $? != 0 ] ; then\n    # print error to STDERR\n    echo \"error: The sandbox is not in sync with the Podfile.lock. Run 'pod install' or update your CocoaPods installation.\" >&2\n    exit 1\nfi\n# This output is used by Xcode 'outputs' to avoid re-running this script phase.\necho \"SUCCESS\" > \"${SCRIPT_OUTPUT_FILE_0}\"\n";
			showEnvVarsInLog = 0;
		};
		1BB6A3A44B89A5A0275C29BD /* [CP] Embed Pods Frameworks */ = {
			isa = PBXShellScriptBuildPhase;
			buildActionMask = 2147483647;
			files = (
			);
			inputFileListPaths = (
				"${PODS_ROOT}/Target Support Files/Pods-AAADuty/Pods-AAADuty-frameworks-${CONFIGURATION}-input-files.xcfilelist",
			);
			name = "[CP] Embed Pods Frameworks";
			outputFileListPaths = (
				"${PODS_ROOT}/Target Support Files/Pods-AAADuty/Pods-AAADuty-frameworks-${CONFIGURATION}-output-files.xcfilelist",
			);
			runOnlyForDeploymentPostprocessing = 0;
			shellPath = /bin/sh;
			shellScript = "\"${PODS_ROOT}/Target Support Files/Pods-AAADuty/Pods-AAADuty-frameworks.sh\"\n";
			showEnvVarsInLog = 0;
		};
/* End PBXShellScriptBuildPhase section */

/* Begin PBXSourcesBuildPhase section */
		7FD0BE8C29A8F77A0049662D /* Sources */ = {
			isa = PBXSourcesBuildPhase;
			buildActionMask = 2147483647;
			files = (
				7FD0BEB429A9105F0049662D /* OTPViewController.swift in Sources */,
				7F1A486B29AB515300C432DF /* CategoryCollectionViewCell.swift in Sources */,
				7FD0BEC429A9E9880049662D /* ProfileTabViewController.swift in Sources */,
				7F1A485529AA827D00C432DF /* MenuTableViewCell.swift in Sources */,
				7FB8C40929AB949A005B6B4E /* BaseViewController.swift in Sources */,
				7F1A487029AB6E2600C432DF /* UrlHandler.swift in Sources */,
				7FD0BEAC29A8FE930049662D /* AAALabel.swift in Sources */,
				7FD0BEB229A90ED60049662D /* AAAView.swift in Sources */,
				7FD0BEBE29A9E5D60049662D /* HomeTabViewController.swift in Sources */,
				7F02F0C329AE70F100E4B775 /* FlatTyreViewController.swift in Sources */,
				7FD0BEB029A908E20049662D /* AAAButton.swift in Sources */,
				7F1A487829AB797600C432DF /* UIColor+Extension.swift in Sources */,
				7FD0BECD29AA672A0049662D /* ProfileTableViewCell.swift in Sources */,
				7FD0BEB829A931F50049662D /* TabBarViewController.swift in Sources */,
				7F1A487329AB6F6300C432DF /* CategoriesModel.swift in Sources */,
				7F02F0BD29AE1B2500E4B775 /* LocationManager.swift in Sources */,
				7F0DEE3B29AB96B9000BADA7 /* PromotionCollectionViewCell.swift in Sources */,
				7FD0BEBC29A9E4AD0049662D /* Controllers.swift in Sources */,
				7FD0BEC229A9E97C0049662D /* WalletTabViewController.swift in Sources */,
				7FD0BEAE29A904980049662D /* MobileLoginViewController.swift in Sources */,
				7F02F0BF29AE243F00E4B775 /* Toast.swift in Sources */,
				7FD0BE9829A8F77A0049662D /* ViewController.swift in Sources */,
				7F1A486E29AB6D0800C432DF /* NetworkAdaptor.swift in Sources */,
				7F02F0D229AE7DFA00E4B775 /* ServiceTableViewCell.swift in Sources */,
				7FD0BEAA29A8FC950049662D /* WelcomeViewController.swift in Sources */,
				7FD0BE9429A8F77A0049662D /* AppDelegate.swift in Sources */,
				7F1A485129AA802200C432DF /* SideMenuView.swift in Sources */,
				7F1A486129AB448600C432DF /* ImageCollectionViewCell.swift in Sources */,
				7FD0BED029AA6FA10049662D /* Constants.swift in Sources */,
				7F1A486629AB513700C432DF /* CategoriesCollectionViewCell.swift in Sources */,
				7F0DEE3E29ABAD35000BADA7 /* UserModel.swift in Sources */,
				7FD0BEB629A922FB0049662D /* OTPStackView.swift in Sources */,
				7F02F0CD29AE79B500E4B775 /* LocationTableViewCell.swift in Sources */,
				7FD0BEC029A9E96E0049662D /* BookingsTabViewController.swift in Sources */,
				7F02F0C129AE4A1E00E4B775 /* String+Extension.swift in Sources */,
				7F1A487529AB708B00C432DF /* AppData.swift in Sources */,
				7FD0BE9629A8F77A0049662D /* SceneDelegate.swift in Sources */,
				7FD0BEA829A8F7950049662D /* SplashViewController.swift in Sources */,
			);
			runOnlyForDeploymentPostprocessing = 0;
		};
/* End PBXSourcesBuildPhase section */

/* Begin PBXVariantGroup section */
		7FD0BE9929A8F77A0049662D /* Main.storyboard */ = {
			isa = PBXVariantGroup;
			children = (
				7FD0BE9A29A8F77A0049662D /* Base */,
			);
			name = Main.storyboard;
			sourceTree = "<group>";
		};
		7FD0BE9E29A8F77B0049662D /* LaunchScreen.storyboard */ = {
			isa = PBXVariantGroup;
			children = (
				7FD0BE9F29A8F77B0049662D /* Base */,
			);
			name = LaunchScreen.storyboard;
			sourceTree = "<group>";
		};
/* End PBXVariantGroup section */

/* Begin XCBuildConfiguration section */
		7FD0BEA229A8F77B0049662D /* Debug */ = {
			isa = XCBuildConfiguration;
			buildSettings = {
				ALWAYS_SEARCH_USER_PATHS = NO;
				CLANG_ANALYZER_NONNULL = YES;
				CLANG_ANALYZER_NUMBER_OBJECT_CONVERSION = YES_AGGRESSIVE;
				CLANG_CXX_LANGUAGE_STANDARD = "gnu++20";
				CLANG_ENABLE_MODULES = YES;
				CLANG_ENABLE_OBJC_ARC = YES;
				CLANG_ENABLE_OBJC_WEAK = YES;
				CLANG_WARN_BLOCK_CAPTURE_AUTORELEASING = YES;
				CLANG_WARN_BOOL_CONVERSION = YES;
				CLANG_WARN_COMMA = YES;
				CLANG_WARN_CONSTANT_CONVERSION = YES;
				CLANG_WARN_DEPRECATED_OBJC_IMPLEMENTATIONS = YES;
				CLANG_WARN_DIRECT_OBJC_ISA_USAGE = YES_ERROR;
				CLANG_WARN_DOCUMENTATION_COMMENTS = YES;
				CLANG_WARN_EMPTY_BODY = YES;
				CLANG_WARN_ENUM_CONVERSION = YES;
				CLANG_WARN_INFINITE_RECURSION = YES;
				CLANG_WARN_INT_CONVERSION = YES;
				CLANG_WARN_NON_LITERAL_NULL_CONVERSION = YES;
				CLANG_WARN_OBJC_IMPLICIT_RETAIN_SELF = YES;
				CLANG_WARN_OBJC_LITERAL_CONVERSION = YES;
				CLANG_WARN_OBJC_ROOT_CLASS = YES_ERROR;
				CLANG_WARN_QUOTED_INCLUDE_IN_FRAMEWORK_HEADER = YES;
				CLANG_WARN_RANGE_LOOP_ANALYSIS = YES;
				CLANG_WARN_STRICT_PROTOTYPES = YES;
				CLANG_WARN_SUSPICIOUS_MOVE = YES;
				CLANG_WARN_UNGUARDED_AVAILABILITY = YES_AGGRESSIVE;
				CLANG_WARN_UNREACHABLE_CODE = YES;
				CLANG_WARN__DUPLICATE_METHOD_MATCH = YES;
				COPY_PHASE_STRIP = NO;
				DEBUG_INFORMATION_FORMAT = dwarf;
				ENABLE_STRICT_OBJC_MSGSEND = YES;
				ENABLE_TESTABILITY = YES;
				GCC_C_LANGUAGE_STANDARD = gnu11;
				GCC_DYNAMIC_NO_PIC = NO;
				GCC_NO_COMMON_BLOCKS = YES;
				GCC_OPTIMIZATION_LEVEL = 0;
				GCC_PREPROCESSOR_DEFINITIONS = (
					"DEBUG=1",
					"$(inherited)",
				);
				GCC_WARN_64_TO_32_BIT_CONVERSION = YES;
				GCC_WARN_ABOUT_RETURN_TYPE = YES_ERROR;
				GCC_WARN_UNDECLARED_SELECTOR = YES;
				GCC_WARN_UNINITIALIZED_AUTOS = YES_AGGRESSIVE;
				GCC_WARN_UNUSED_FUNCTION = YES;
				GCC_WARN_UNUSED_VARIABLE = YES;
				IPHONEOS_DEPLOYMENT_TARGET = 16.2;
				MTL_ENABLE_DEBUG_INFO = INCLUDE_SOURCE;
				MTL_FAST_MATH = YES;
				ONLY_ACTIVE_ARCH = YES;
				SDKROOT = iphoneos;
				SWIFT_ACTIVE_COMPILATION_CONDITIONS = DEBUG;
				SWIFT_OPTIMIZATION_LEVEL = "-Onone";
			};
			name = Debug;
		};
		7FD0BEA329A8F77B0049662D /* Release */ = {
			isa = XCBuildConfiguration;
			buildSettings = {
				ALWAYS_SEARCH_USER_PATHS = NO;
				CLANG_ANALYZER_NONNULL = YES;
				CLANG_ANALYZER_NUMBER_OBJECT_CONVERSION = YES_AGGRESSIVE;
				CLANG_CXX_LANGUAGE_STANDARD = "gnu++20";
				CLANG_ENABLE_MODULES = YES;
				CLANG_ENABLE_OBJC_ARC = YES;
				CLANG_ENABLE_OBJC_WEAK = YES;
				CLANG_WARN_BLOCK_CAPTURE_AUTORELEASING = YES;
				CLANG_WARN_BOOL_CONVERSION = YES;
				CLANG_WARN_COMMA = YES;
				CLANG_WARN_CONSTANT_CONVERSION = YES;
				CLANG_WARN_DEPRECATED_OBJC_IMPLEMENTATIONS = YES;
				CLANG_WARN_DIRECT_OBJC_ISA_USAGE = YES_ERROR;
				CLANG_WARN_DOCUMENTATION_COMMENTS = YES;
				CLANG_WARN_EMPTY_BODY = YES;
				CLANG_WARN_ENUM_CONVERSION = YES;
				CLANG_WARN_INFINITE_RECURSION = YES;
				CLANG_WARN_INT_CONVERSION = YES;
				CLANG_WARN_NON_LITERAL_NULL_CONVERSION = YES;
				CLANG_WARN_OBJC_IMPLICIT_RETAIN_SELF = YES;
				CLANG_WARN_OBJC_LITERAL_CONVERSION = YES;
				CLANG_WARN_OBJC_ROOT_CLASS = YES_ERROR;
				CLANG_WARN_QUOTED_INCLUDE_IN_FRAMEWORK_HEADER = YES;
				CLANG_WARN_RANGE_LOOP_ANALYSIS = YES;
				CLANG_WARN_STRICT_PROTOTYPES = YES;
				CLANG_WARN_SUSPICIOUS_MOVE = YES;
				CLANG_WARN_UNGUARDED_AVAILABILITY = YES_AGGRESSIVE;
				CLANG_WARN_UNREACHABLE_CODE = YES;
				CLANG_WARN__DUPLICATE_METHOD_MATCH = YES;
				COPY_PHASE_STRIP = NO;
				DEBUG_INFORMATION_FORMAT = "dwarf-with-dsym";
				ENABLE_NS_ASSERTIONS = NO;
				ENABLE_STRICT_OBJC_MSGSEND = YES;
				GCC_C_LANGUAGE_STANDARD = gnu11;
				GCC_NO_COMMON_BLOCKS = YES;
				GCC_WARN_64_TO_32_BIT_CONVERSION = YES;
				GCC_WARN_ABOUT_RETURN_TYPE = YES_ERROR;
				GCC_WARN_UNDECLARED_SELECTOR = YES;
				GCC_WARN_UNINITIALIZED_AUTOS = YES_AGGRESSIVE;
				GCC_WARN_UNUSED_FUNCTION = YES;
				GCC_WARN_UNUSED_VARIABLE = YES;
				IPHONEOS_DEPLOYMENT_TARGET = 16.2;
				MTL_ENABLE_DEBUG_INFO = NO;
				MTL_FAST_MATH = YES;
				SDKROOT = iphoneos;
				SWIFT_COMPILATION_MODE = wholemodule;
				SWIFT_OPTIMIZATION_LEVEL = "-O";
				VALIDATE_PRODUCT = YES;
			};
			name = Release;
		};
		7FD0BEA529A8F77B0049662D /* Debug */ = {
			isa = XCBuildConfiguration;
			baseConfigurationReference = EACC6E468B20FE4A7D5C4931 /* Pods-AAADuty.debug.xcconfig */;
			buildSettings = {
				ASSETCATALOG_COMPILER_APPICON_NAME = AppIcon;
				ASSETCATALOG_COMPILER_GLOBAL_ACCENT_COLOR_NAME = AccentColor;
				CODE_SIGN_STYLE = Automatic;
				CURRENT_PROJECT_VERSION = 1;
				DEVELOPMENT_TEAM = L2Z5JFXQ85;
				GENERATE_INFOPLIST_FILE = YES;
				INFOPLIST_FILE = AAADuty/Info.plist;
				INFOPLIST_KEY_NSLocationAlwaysAndWhenInUseUsageDescription = "We use location to suggest nearest stores";
				INFOPLIST_KEY_NSLocationWhenInUseUsageDescription = "We use location to suggest nearest stores";
				INFOPLIST_KEY_UIApplicationSupportsIndirectInputEvents = YES;
				INFOPLIST_KEY_UILaunchStoryboardName = LaunchScreen;
				INFOPLIST_KEY_UIMainStoryboardFile = Main;
				INFOPLIST_KEY_UISupportedInterfaceOrientations_iPad = "UIInterfaceOrientationPortrait UIInterfaceOrientationPortraitUpsideDown UIInterfaceOrientationLandscapeLeft UIInterfaceOrientationLandscapeRight";
				INFOPLIST_KEY_UISupportedInterfaceOrientations_iPhone = "UIInterfaceOrientationPortrait UIInterfaceOrientationLandscapeLeft UIInterfaceOrientationLandscapeRight";
				LD_RUNPATH_SEARCH_PATHS = (
					"$(inherited)",
					"@executable_path/Frameworks",
				);
				MARKETING_VERSION = 1.0;
				PRODUCT_BUNDLE_IDENTIFIER = com.saikiran.panuganti.AAADuty;
				PRODUCT_NAME = "$(TARGET_NAME)";
				SWIFT_EMIT_LOC_STRINGS = YES;
				SWIFT_VERSION = 5.0;
				TARGETED_DEVICE_FAMILY = "1,2";
			};
			name = Debug;
		};
		7FD0BEA629A8F77B0049662D /* Release */ = {
			isa = XCBuildConfiguration;
			baseConfigurationReference = 2FFEE8DE53F2788FC92E8386 /* Pods-AAADuty.release.xcconfig */;
			buildSettings = {
				ASSETCATALOG_COMPILER_APPICON_NAME = AppIcon;
				ASSETCATALOG_COMPILER_GLOBAL_ACCENT_COLOR_NAME = AccentColor;
				CODE_SIGN_STYLE = Automatic;
				CURRENT_PROJECT_VERSION = 1;
				DEVELOPMENT_TEAM = L2Z5JFXQ85;
				GENERATE_INFOPLIST_FILE = YES;
				INFOPLIST_FILE = AAADuty/Info.plist;
				INFOPLIST_KEY_NSLocationAlwaysAndWhenInUseUsageDescription = "We use location to suggest nearest stores";
				INFOPLIST_KEY_NSLocationWhenInUseUsageDescription = "We use location to suggest nearest stores";
				INFOPLIST_KEY_UIApplicationSupportsIndirectInputEvents = YES;
				INFOPLIST_KEY_UILaunchStoryboardName = LaunchScreen;
				INFOPLIST_KEY_UIMainStoryboardFile = Main;
				INFOPLIST_KEY_UISupportedInterfaceOrientations_iPad = "UIInterfaceOrientationPortrait UIInterfaceOrientationPortraitUpsideDown UIInterfaceOrientationLandscapeLeft UIInterfaceOrientationLandscapeRight";
				INFOPLIST_KEY_UISupportedInterfaceOrientations_iPhone = "UIInterfaceOrientationPortrait UIInterfaceOrientationLandscapeLeft UIInterfaceOrientationLandscapeRight";
				LD_RUNPATH_SEARCH_PATHS = (
					"$(inherited)",
					"@executable_path/Frameworks",
				);
				MARKETING_VERSION = 1.0;
				PRODUCT_BUNDLE_IDENTIFIER = com.saikiran.panuganti.AAADuty;
				PRODUCT_NAME = "$(TARGET_NAME)";
				SWIFT_EMIT_LOC_STRINGS = YES;
				SWIFT_VERSION = 5.0;
				TARGETED_DEVICE_FAMILY = "1,2";
			};
			name = Release;
		};
/* End XCBuildConfiguration section */

/* Begin XCConfigurationList section */
		7FD0BE8B29A8F77A0049662D /* Build configuration list for PBXProject "AAADuty" */ = {
			isa = XCConfigurationList;
			buildConfigurations = (
				7FD0BEA229A8F77B0049662D /* Debug */,
				7FD0BEA329A8F77B0049662D /* Release */,
			);
			defaultConfigurationIsVisible = 0;
			defaultConfigurationName = Release;
		};
		7FD0BEA429A8F77B0049662D /* Build configuration list for PBXNativeTarget "AAADuty" */ = {
			isa = XCConfigurationList;
			buildConfigurations = (
				7FD0BEA529A8F77B0049662D /* Debug */,
				7FD0BEA629A8F77B0049662D /* Release */,
			);
			defaultConfigurationIsVisible = 0;
			defaultConfigurationName = Release;
		};
/* End XCConfigurationList section */
	};
	rootObject = 7FD0BE8829A8F77A0049662D /* Project object */;
}
